// !$*UTF8*$!
{
	archiveVersion = 1;
	classes = {
	};
	objectVersion = 46;
	objects = {

/* Begin PBXBuildFile section */
		189702241DA145CF00289DEC /* OCMock_OCHamcrest.h in Headers */ = {isa = PBXBuildFile; fileRef = 189702231DA145CF00289DEC /* OCMock_OCHamcrest.h */; };
		189702261DA145CF00289DEC /* OCMock_OCHamcrest.m in Sources */ = {isa = PBXBuildFile; fileRef = 189702251DA145CF00289DEC /* OCMock_OCHamcrest.m */; };
/* End PBXBuildFile section */

/* Begin PBXFileReference section */
		189702201DA145CE00289DEC /* libOCMock_OCHamcrest.dylib */ = {isa = PBXFileReference; explicitFileType = "compiled.mach-o.dylib"; includeInIndex = 0; path = libOCMock_OCHamcrest.dylib; sourceTree = BUILT_PRODUCTS_DIR; };
		189702231DA145CF00289DEC /* OCMock_OCHamcrest.h */ = {isa = PBXFileReference; lastKnownFileType = sourcecode.c.h; path = OCMock_OCHamcrest.h; sourceTree = "<group>"; };
		189702251DA145CF00289DEC /* OCMock_OCHamcrest.m */ = {isa = PBXFileReference; lastKnownFileType = sourcecode.c.objc; path = OCMock_OCHamcrest.m; sourceTree = "<group>"; };
/* End PBXFileReference section */

/* Begin PBXFrameworksBuildPhase section */
		1897021D1DA145CE00289DEC /* Frameworks */ = {
			isa = PBXFrameworksBuildPhase;
			buildActionMask = 2147483647;
			files = (
			);
			runOnlyForDeploymentPostprocessing = 0;
		};
/* End PBXFrameworksBuildPhase section */

/* Begin PBXGroup section */
		189702171DA145CE00289DEC = {
			isa = PBXGroup;
			children = (
				189702221DA145CE00289DEC /* OCMock_OCHamcrest */,
				189702211DA145CE00289DEC /* Products */,
			);
			sourceTree = "<group>";
		};
		189702211DA145CE00289DEC /* Products */ = {
			isa = PBXGroup;
			children = (
				189702201DA145CE00289DEC /* libOCMock_OCHamcrest.dylib */,
			);
			name = Products;
			sourceTree = "<group>";
		};
		189702221DA145CE00289DEC /* OCMock_OCHamcrest */ = {
			isa = PBXGroup;
			children = (
				189702231DA145CF00289DEC /* OCMock_OCHamcrest.h */,
				189702251DA145CF00289DEC /* OCMock_OCHamcrest.m */,
			);
			path = OCMock_OCHamcrest;
			sourceTree = "<group>";
		};
/* End PBXGroup section */

/* Begin PBXHeadersBuildPhase section */
		1897021E1DA145CE00289DEC /* Headers */ = {
			isa = PBXHeadersBuildPhase;
			buildActionMask = 2147483647;
			files = (
				189702241DA145CF00289DEC /* OCMock_OCHamcrest.h in Headers */,
			);
			runOnlyForDeploymentPostprocessing = 0;
		};
/* End PBXHeadersBuildPhase section */

/* Begin PBXNativeTarget section */
		1897021F1DA145CE00289DEC /* OCMock_OCHamcrest */ = {
			isa = PBXNativeTarget;
			buildConfigurationList = 189702291DA145CF00289DEC /* Build configuration list for PBXNativeTarget "OCMock_OCHamcrest" */;
			buildPhases = (
				1897021C1DA145CE00289DEC /* Sources */,
				1897021D1DA145CE00289DEC /* Frameworks */,
				1897021E1DA145CE00289DEC /* Headers */,
			);
			buildRules = (
			);
			dependencies = (
			);
			name = OCMock_OCHamcrest;
			productName = OCMock_OCHamcrest;
			productReference = 189702201DA145CE00289DEC /* libOCMock_OCHamcrest.dylib */;
			productType = "com.apple.product-type.library.dynamic";
		};
/* End PBXNativeTarget section */

/* Begin PBXProject section */
		189702181DA145CE00289DEC /* Project object */ = {
			isa = PBXProject;
			attributes = {
				LastUpgradeCheck = 0730;
				ORGANIZATIONNAME = "Marcin Serwach";
				TargetAttributes = {
					1897021F1DA145CE00289DEC = {
						CreatedOnToolsVersion = 7.3.1;
					};
				};
			};
			buildConfigurationList = 1897021B1DA145CE00289DEC /* Build configuration list for PBXProject "OCMock_OCHamcrest" */;
			compatibilityVersion = "Xcode 3.2";
			developmentRegion = English;
			hasScannedForEncodings = 0;
			knownRegions = (
				en,
			);
			mainGroup = 189702171DA145CE00289DEC;
			productRefGroup = 189702211DA145CE00289DEC /* Products */;
			projectDirPath = "";
			projectRoot = "";
			targets = (
				1897021F1DA145CE00289DEC /* OCMock_OCHamcrest */,
			);
		};
/* End PBXProject section */

/* Begin PBXSourcesBuildPhase section */
		1897021C1DA145CE00289DEC /* Sources */ = {
			isa = PBXSourcesBuildPhase;
			buildActionMask = 2147483647;
			files = (
				189702261DA145CF00289DEC /* OCMock_OCHamcrest.m in Sources */,
			);
			runOnlyForDeploymentPostprocessing = 0;
		};
/* End PBXSourcesBuildPhase section */

/* Begin XCBuildConfiguration section */
		189702271DA145CF00289DEC /* Debug */ = {
			isa = XCBuildConfiguration;
			buildSettings = {
				ALWAYS_SEARCH_USER_PATHS = NO;
				CLANG_ANALYZER_NONNULL = YES;
				CLANG_CXX_LANGUAGE_STANDARD = "gnu++0x";
				CLANG_CXX_LIBRARY = "libc++";
				CLANG_ENABLE_MODULES = YES;
				CLANG_ENABLE_OBJC_ARC = YES;
				CLANG_WARN_BOOL_CONVERSION = YES;
				CLANG_WARN_CONSTANT_CONVERSION = YES;
				CLANG_WARN_DIRECT_OBJC_ISA_USAGE = YES_ERROR;
				CLANG_WARN_EMPTY_BODY = YES;
				CLANG_WARN_ENUM_CONVERSION = YES;
				CLANG_WARN_INT_CONVERSION = YES;
				CLANG_WARN_OBJC_ROOT_CLASS = YES_ERROR;
				CLANG_WARN_UNREACHABLE_CODE = YES;
				CLANG_WARN__DUPLICATE_METHOD_MATCH = YES;
				CODE_SIGN_IDENTITY = "-";
				COPY_PHASE_STRIP = NO;
				DEBUG_INFORMATION_FORMAT = dwarf;
				ENABLE_STRICT_OBJC_MSGSEND = YES;
				ENABLE_TESTABILITY = YES;
				GCC_C_LANGUAGE_STANDARD = gnu99;
				GCC_DYNAMIC_NO_PIC = NO;
				GCC_NO_COMMON_BLOCKS = YES;
				GCC_OPTIMIZATION_LEVEL = 0;
				GCC_PREPROCESSOR_DEFINITIONS = (
					"DEBUG=1",
					"$(inherited)",
				);
				GCC_WARN_64_TO_32_BIT_CONVERSION = YES;
				GCC_WARN_ABOUT_RETURN_TYPE = YES_ERROR;
				GCC_WARN_UNDECLARED_SELECTOR = YES;
				GCC_WARN_UNINITIALIZED_AUTOS = YES_AGGRESSIVE;
				GCC_WARN_UNUSED_FUNCTION = YES;
				GCC_WARN_UNUSED_VARIABLE = YES;
				MACOSX_DEPLOYMENT_TARGET = 10.11;
				MTL_ENABLE_DEBUG_INFO = YES;
				ONLY_ACTIVE_ARCH = YES;
				SDKROOT = macosx;
			};
			name = Debug;
		};
		189702281DA145CF00289DEC /* Release */ = {
			isa = XCBuildConfiguration;
			buildSettings = {
				ALWAYS_SEARCH_USER_PATHS = NO;
				CLANG_ANALYZER_NONNULL = YES;
				CLANG_CXX_LANGUAGE_STANDARD = "gnu++0x";
				CLANG_CXX_LIBRARY = "libc++";
				CLANG_ENABLE_MODULES = YES;
				CLANG_ENABLE_OBJC_ARC = YES;
				CLANG_WARN_BOOL_CONVERSION = YES;
				CLANG_WARN_CONSTANT_CONVERSION = YES;
				CLANG_WARN_DIRECT_OBJC_ISA_USAGE = YES_ERROR;
				CLANG_WARN_EMPTY_BODY = YES;
				CLANG_WARN_ENUM_CONVERSION = YES;
				CLANG_WARN_INT_CONVERSION = YES;
				CLANG_WARN_OBJC_ROOT_CLASS = YES_ERROR;
				CLANG_WARN_UNREACHABLE_CODE = YES;
				CLANG_WARN__DUPLICATE_METHOD_MATCH = YES;
				CODE_SIGN_IDENTITY = "-";
				COPY_PHASE_STRIP = NO;
				DEBUG_INFORMATION_FORMAT = "dwarf-with-dsym";
				ENABLE_NS_ASSERTIONS = NO;
				ENABLE_STRICT_OBJC_MSGSEND = YES;
				GCC_C_LANGUAGE_STANDARD = gnu99;
				GCC_NO_COMMON_BLOCKS = YES;
				GCC_WARN_64_TO_32_BIT_CONVERSION = YES;
				GCC_WARN_ABOUT_RETURN_TYPE = YES_ERROR;
				GCC_WARN_UNDECLARED_SELECTOR = YES;
				GCC_WARN_UNINITIALIZED_AUTOS = YES_AGGRESSIVE;
				GCC_WARN_UNUSED_FUNCTION = YES;
				GCC_WARN_UNUSED_VARIABLE = YES;
				MACOSX_DEPLOYMENT_TARGET = 10.11;
				MTL_ENABLE_DEBUG_INFO = NO;
				SDKROOT = macosx;
			};
			name = Release;
		};
		1897022A1DA145CF00289DEC /* Debug */ = {
			isa = XCBuildConfiguration;
			buildSettings = {
				DYLIB_COMPATIBILITY_VERSION = 1;
				DYLIB_CURRENT_VERSION = 1;
				EXECUTABLE_PREFIX = lib;
				PRODUCT_NAME = "$(TARGET_NAME)";
			};
			name = Debug;
		};
		1897022B1DA145CF00289DEC /* Release */ = {
			isa = XCBuildConfiguration;
			buildSettings = {
				DYLIB_COMPATIBILITY_VERSION = 1;
				DYLIB_CURRENT_VERSION = 1;
				EXECUTABLE_PREFIX = lib;
				PRODUCT_NAME = "$(TARGET_NAME)";
			};
			name = Release;
		};
/* End XCBuildConfiguration section */

/* Begin XCConfigurationList section */
		1897021B1DA145CE00289DEC /* Build configuration list for PBXProject "OCMock_OCHamcrest" */ = {
			isa = XCConfigurationList;
			buildConfigurations = (
				189702271DA145CF00289DEC /* Debug */,
				189702281DA145CF00289DEC /* Release */,
			);
			defaultConfigurationIsVisible = 0;
			defaultConfigurationName = Release;
		};
		189702291DA145CF00289DEC /* Build configuration list for PBXNativeTarget "OCMock_OCHamcrest" */ = {
			isa = XCConfigurationList;
			buildConfigurations = (
				1897022A1DA145CF00289DEC /* Debug */,
				1897022B1DA145CF00289DEC /* Release */,
			);
			defaultConfigurationIsVisible = 0;
		};
/* End XCConfigurationList section */
	};
	rootObject = 189702181DA145CE00289DEC /* Project object */;
}
