// !$*UTF8*$!
{
	archiveVersion = 1;
	classes = {
	};
	objectVersion = 46;
	objects = {

/* Begin PBXBuildFile section */
		186E4BF81DA11BA300472811 /* libOCMockTutorial.dylib in Frameworks */ = {isa = PBXBuildFile; fileRef = 186E4BE31DA11B5400472811 /* libOCMockTutorial.dylib */; };
		186E4C061DA11BFC00472811 /* CustomClass.h in Headers */ = {isa = PBXBuildFile; fileRef = 186E4BFE1DA11BFC00472811 /* CustomClass.h */; };
		186E4C071DA11BFC00472811 /* CustomClass.m in Sources */ = {isa = PBXBuildFile; fileRef = 186E4BFF1DA11BFC00472811 /* CustomClass.m */; };
		186E4C081DA11BFC00472811 /* CustomClassProtocol.h in Headers */ = {isa = PBXBuildFile; fileRef = 186E4C001DA11BFC00472811 /* CustomClassProtocol.h */; };
		186E4C091DA11BFC00472811 /* Library.h in Headers */ = {isa = PBXBuildFile; fileRef = 186E4C011DA11BFC00472811 /* Library.h */; };
		186E4C0A1DA11BFC00472811 /* Library.m in Sources */ = {isa = PBXBuildFile; fileRef = 186E4C021DA11BFC00472811 /* Library.m */; };
		186E4C0B1DA11BFC00472811 /* ListenerAdapter.h in Headers */ = {isa = PBXBuildFile; fileRef = 186E4C031DA11BFC00472811 /* ListenerAdapter.h */; };
		186E4C0C1DA11BFC00472811 /* ListenerAdapter.m in Sources */ = {isa = PBXBuildFile; fileRef = 186E4C041DA11BFC00472811 /* ListenerAdapter.m */; };
		186E4C0D1DA11BFC00472811 /* ListenerProtocol.h in Headers */ = {isa = PBXBuildFile; fileRef = 186E4C051DA11BFC00472811 /* ListenerProtocol.h */; };
		186E4C1C1DA11C0B00472811 /* Lesson1_SimpleMatchers.m in Sources */ = {isa = PBXBuildFile; fileRef = 186E4C0E1DA11C0B00472811 /* Lesson1_SimpleMatchers.m */; };
		186E4C1D1DA11C0B00472811 /* Lesson2_AdvancedMatcher.m in Sources */ = {isa = PBXBuildFile; fileRef = 186E4C0F1DA11C0B00472811 /* Lesson2_AdvancedMatcher.m */; };
		186E4C1E1DA11C0B00472811 /* Lesson3_Return.m in Sources */ = {isa = PBXBuildFile; fileRef = 186E4C101DA11C0B00472811 /* Lesson3_Return.m */; };
		186E4C1F1DA11C0B00472811 /* Lesson4_Block.m in Sources */ = {isa = PBXBuildFile; fileRef = 186E4C111DA11C0B00472811 /* Lesson4_Block.m */; };
		186E4C201DA11C0B00472811 /* Lesson5_Call.m in Sources */ = {isa = PBXBuildFile; fileRef = 186E4C121DA11C0B00472811 /* Lesson5_Call.m */; };
		186E4C211DA11C0B00472811 /* Lesson6_Other.m in Sources */ = {isa = PBXBuildFile; fileRef = 186E4C131DA11C0B00472811 /* Lesson6_Other.m */; };
		186E4C221DA11C0B00472811 /* Lesson7_Partial.m in Sources */ = {isa = PBXBuildFile; fileRef = 186E4C141DA11C0B00472811 /* Lesson7_Partial.m */; };
		186E4C231DA11C0B00472811 /* Lesson8_Strict.m in Sources */ = {isa = PBXBuildFile; fileRef = 186E4C151DA11C0B00472811 /* Lesson8_Strict.m */; };
		186E4C241DA11C0B00472811 /* Lesson9_Verify.m in Sources */ = {isa = PBXBuildFile; fileRef = 186E4C161DA11C0B00472811 /* Lesson9_Verify.m */; };
		186E4C251DA11C0B00472811 /* Lesson10_OCHamcrest_Numbers.m in Sources */ = {isa = PBXBuildFile; fileRef = 186E4C171DA11C0B00472811 /* Lesson10_OCHamcrest_Numbers.m */; };
		186E4C261DA11C0B00472811 /* Lesson11_OCHamcrest_Text.m in Sources */ = {isa = PBXBuildFile; fileRef = 186E4C181DA11C0B00472811 /* Lesson11_OCHamcrest_Text.m */; };
		186E4C271DA11C0B00472811 /* Lesson12_OCHamcrest_Container.m in Sources */ = {isa = PBXBuildFile; fileRef = 186E4C191DA11C0B00472811 /* Lesson12_OCHamcrest_Container.m */; };
		186E4C281DA11C0B00472811 /* Lesson13_OCHamcrest_Object.m in Sources */ = {isa = PBXBuildFile; fileRef = 186E4C1A1DA11C0B00472811 /* Lesson13_OCHamcrest_Object.m */; };
		186E4C291DA11C0B00472811 /* Lesson14_OCHamcrest_Logic.m in Sources */ = {isa = PBXBuildFile; fileRef = 186E4C1B1DA11C0B00472811 /* Lesson14_OCHamcrest_Logic.m */; };
		907A21D58DB618BEDE89841C /* Pods_OCMockTutorial_Tests.framework in Frameworks */ = {isa = PBXBuildFile; fileRef = F40D000A4A7C5532A6E42E06 /* Pods_OCMockTutorial_Tests.framework */; };
/* End PBXBuildFile section */

/* Begin PBXContainerItemProxy section */
		186E4BF91DA11BA300472811 /* PBXContainerItemProxy */ = {
			isa = PBXContainerItemProxy;
			containerPortal = 186E4BDB1DA11B5400472811 /* Project object */;
			proxyType = 1;
			remoteGlobalIDString = 186E4BE21DA11B5400472811;
			remoteInfo = OCMockTutorial;
		};
/* End PBXContainerItemProxy section */

/* Begin PBXFileReference section */
		186E4BE31DA11B5400472811 /* libOCMockTutorial.dylib */ = {isa = PBXFileReference; explicitFileType = "compiled.mach-o.dylib"; includeInIndex = 0; path = libOCMockTutorial.dylib; sourceTree = BUILT_PRODUCTS_DIR; };
		186E4BF31DA11BA300472811 /* OCMockTutorial_Tests.xctest */ = {isa = PBXFileReference; explicitFileType = wrapper.cfbundle; includeInIndex = 0; path = OCMockTutorial_Tests.xctest; sourceTree = BUILT_PRODUCTS_DIR; };
		186E4BF71DA11BA300472811 /* Info.plist */ = {isa = PBXFileReference; lastKnownFileType = text.plist.xml; path = Info.plist; sourceTree = "<group>"; };
		186E4BFE1DA11BFC00472811 /* CustomClass.h */ = {isa = PBXFileReference; fileEncoding = 4; lastKnownFileType = sourcecode.c.h; path = CustomClass.h; sourceTree = "<group>"; };
		186E4BFF1DA11BFC00472811 /* CustomClass.m */ = {isa = PBXFileReference; fileEncoding = 4; lastKnownFileType = sourcecode.c.objc; path = CustomClass.m; sourceTree = "<group>"; };
		186E4C001DA11BFC00472811 /* CustomClassProtocol.h */ = {isa = PBXFileReference; fileEncoding = 4; lastKnownFileType = sourcecode.c.h; path = CustomClassProtocol.h; sourceTree = "<group>"; };
		186E4C011DA11BFC00472811 /* Library.h */ = {isa = PBXFileReference; fileEncoding = 4; lastKnownFileType = sourcecode.c.h; path = Library.h; sourceTree = "<group>"; };
		186E4C021DA11BFC00472811 /* Library.m */ = {isa = PBXFileReference; fileEncoding = 4; lastKnownFileType = sourcecode.c.objc; path = Library.m; sourceTree = "<group>"; };
		186E4C031DA11BFC00472811 /* ListenerAdapter.h */ = {isa = PBXFileReference; fileEncoding = 4; lastKnownFileType = sourcecode.c.h; path = ListenerAdapter.h; sourceTree = "<group>"; };
		186E4C041DA11BFC00472811 /* ListenerAdapter.m */ = {isa = PBXFileReference; fileEncoding = 4; lastKnownFileType = sourcecode.c.objc; path = ListenerAdapter.m; sourceTree = "<group>"; };
		186E4C051DA11BFC00472811 /* ListenerProtocol.h */ = {isa = PBXFileReference; fileEncoding = 4; lastKnownFileType = sourcecode.c.h; path = ListenerProtocol.h; sourceTree = "<group>"; };
		186E4C0E1DA11C0B00472811 /* Lesson1_SimpleMatchers.m */ = {isa = PBXFileReference; fileEncoding = 4; lastKnownFileType = sourcecode.c.objc; path = Lesson1_SimpleMatchers.m; sourceTree = "<group>"; };
		186E4C0F1DA11C0B00472811 /* Lesson2_AdvancedMatcher.m */ = {isa = PBXFileReference; fileEncoding = 4; lastKnownFileType = sourcecode.c.objc; path = Lesson2_AdvancedMatcher.m; sourceTree = "<group>"; };
		186E4C101DA11C0B00472811 /* Lesson3_Return.m */ = {isa = PBXFileReference; fileEncoding = 4; lastKnownFileType = sourcecode.c.objc; path = Lesson3_Return.m; sourceTree = "<group>"; };
		186E4C111DA11C0B00472811 /* Lesson4_Block.m */ = {isa = PBXFileReference; fileEncoding = 4; lastKnownFileType = sourcecode.c.objc; path = Lesson4_Block.m; sourceTree = "<group>"; };
		186E4C121DA11C0B00472811 /* Lesson5_Call.m */ = {isa = PBXFileReference; fileEncoding = 4; lastKnownFileType = sourcecode.c.objc; path = Lesson5_Call.m; sourceTree = "<group>"; };
		186E4C131DA11C0B00472811 /* Lesson6_Other.m */ = {isa = PBXFileReference; fileEncoding = 4; lastKnownFileType = sourcecode.c.objc; path = Lesson6_Other.m; sourceTree = "<group>"; };
		186E4C141DA11C0B00472811 /* Lesson7_Partial.m */ = {isa = PBXFileReference; fileEncoding = 4; lastKnownFileType = sourcecode.c.objc; path = Lesson7_Partial.m; sourceTree = "<group>"; };
		186E4C151DA11C0B00472811 /* Lesson8_Strict.m */ = {isa = PBXFileReference; fileEncoding = 4; lastKnownFileType = sourcecode.c.objc; path = Lesson8_Strict.m; sourceTree = "<group>"; };
		186E4C161DA11C0B00472811 /* Lesson9_Verify.m */ = {isa = PBXFileReference; fileEncoding = 4; lastKnownFileType = sourcecode.c.objc; path = Lesson9_Verify.m; sourceTree = "<group>"; };
		186E4C171DA11C0B00472811 /* Lesson10_OCHamcrest_Numbers.m */ = {isa = PBXFileReference; fileEncoding = 4; lastKnownFileType = sourcecode.c.objc; path = Lesson10_OCHamcrest_Numbers.m; sourceTree = "<group>"; };
		186E4C181DA11C0B00472811 /* Lesson11_OCHamcrest_Text.m */ = {isa = PBXFileReference; fileEncoding = 4; lastKnownFileType = sourcecode.c.objc; path = Lesson11_OCHamcrest_Text.m; sourceTree = "<group>"; };
		186E4C191DA11C0B00472811 /* Lesson12_OCHamcrest_Container.m */ = {isa = PBXFileReference; fileEncoding = 4; lastKnownFileType = sourcecode.c.objc; path = Lesson12_OCHamcrest_Container.m; sourceTree = "<group>"; };
		186E4C1A1DA11C0B00472811 /* Lesson13_OCHamcrest_Object.m */ = {isa = PBXFileReference; fileEncoding = 4; lastKnownFileType = sourcecode.c.objc; path = Lesson13_OCHamcrest_Object.m; sourceTree = "<group>"; };
		186E4C1B1DA11C0B00472811 /* Lesson14_OCHamcrest_Logic.m */ = {isa = PBXFileReference; fileEncoding = 4; lastKnownFileType = sourcecode.c.objc; path = Lesson14_OCHamcrest_Logic.m; sourceTree = "<group>"; };
		48B9860745947A825F78415B /* Pods-OCMockTutorial_Tests.release.xcconfig */ = {isa = PBXFileReference; includeInIndex = 1; lastKnownFileType = text.xcconfig; name = "Pods-OCMockTutorial_Tests.release.xcconfig"; path = "Pods/Target Support Files/Pods-OCMockTutorial_Tests/Pods-OCMockTutorial_Tests.release.xcconfig"; sourceTree = "<group>"; };
		C8FCC06CD9A1445610B2BB77 /* Pods-OCMockTutorial_Tests.debug.xcconfig */ = {isa = PBXFileReference; includeInIndex = 1; lastKnownFileType = text.xcconfig; name = "Pods-OCMockTutorial_Tests.debug.xcconfig"; path = "Pods/Target Support Files/Pods-OCMockTutorial_Tests/Pods-OCMockTutorial_Tests.debug.xcconfig"; sourceTree = "<group>"; };
		F40D000A4A7C5532A6E42E06 /* Pods_OCMockTutorial_Tests.framework */ = {isa = PBXFileReference; explicitFileType = wrapper.framework; includeInIndex = 0; path = Pods_OCMockTutorial_Tests.framework; sourceTree = BUILT_PRODUCTS_DIR; };
/* End PBXFileReference section */

/* Begin PBXFrameworksBuildPhase section */
		186E4BE01DA11B5400472811 /* Frameworks */ = {
			isa = PBXFrameworksBuildPhase;
			buildActionMask = 2147483647;
			files = (
			);
			runOnlyForDeploymentPostprocessing = 0;
		};
		186E4BF01DA11BA300472811 /* Frameworks */ = {
			isa = PBXFrameworksBuildPhase;
			buildActionMask = 2147483647;
			files = (
				186E4BF81DA11BA300472811 /* libOCMockTutorial.dylib in Frameworks */,
				907A21D58DB618BEDE89841C /* Pods_OCMockTutorial_Tests.framework in Frameworks */,
			);
			runOnlyForDeploymentPostprocessing = 0;
		};
/* End PBXFrameworksBuildPhase section */

/* Begin PBXGroup section */
		186E4BDA1DA11B5400472811 = {
			isa = PBXGroup;
			children = (
				186E4BE51DA11B5400472811 /* OCMockTutorial */,
				186E4BF41DA11BA300472811 /* OCMockTutorial_Tests */,
				186E4BE41DA11B5400472811 /* Products */,
				849070C51E0FC561E15C14A0 /* Pods */,
				ABF8BAB97E26FAAD45FC382B /* Frameworks */,
			);
			sourceTree = "<group>";
		};
		186E4BE41DA11B5400472811 /* Products */ = {
			isa = PBXGroup;
			children = (
				186E4BE31DA11B5400472811 /* libOCMockTutorial.dylib */,
				186E4BF31DA11BA300472811 /* OCMockTutorial_Tests.xctest */,
			);
			name = Products;
			sourceTree = "<group>";
		};
		186E4BE51DA11B5400472811 /* OCMockTutorial */ = {
			isa = PBXGroup;
			children = (
				186E4BFE1DA11BFC00472811 /* CustomClass.h */,
				186E4BFF1DA11BFC00472811 /* CustomClass.m */,
				186E4C001DA11BFC00472811 /* CustomClassProtocol.h */,
				186E4C051DA11BFC00472811 /* ListenerProtocol.h */,
				186E4C031DA11BFC00472811 /* ListenerAdapter.h */,
				186E4C041DA11BFC00472811 /* ListenerAdapter.m */,
				186E4C011DA11BFC00472811 /* Library.h */,
				186E4C021DA11BFC00472811 /* Library.m */,
			);
			path = OCMockTutorial;
			sourceTree = "<group>";
		};
		186E4BF41DA11BA300472811 /* OCMockTutorial_Tests */ = {
			isa = PBXGroup;
			children = (
				186E4C0E1DA11C0B00472811 /* Lesson1_SimpleMatchers.m */,
				186E4C0F1DA11C0B00472811 /* Lesson2_AdvancedMatcher.m */,
				186E4C101DA11C0B00472811 /* Lesson3_Return.m */,
				186E4C111DA11C0B00472811 /* Lesson4_Block.m */,
				186E4C121DA11C0B00472811 /* Lesson5_Call.m */,
				186E4C131DA11C0B00472811 /* Lesson6_Other.m */,
				186E4C141DA11C0B00472811 /* Lesson7_Partial.m */,
				186E4C151DA11C0B00472811 /* Lesson8_Strict.m */,
				186E4C161DA11C0B00472811 /* Lesson9_Verify.m */,
				186E4C171DA11C0B00472811 /* Lesson10_OCHamcrest_Numbers.m */,
				186E4C181DA11C0B00472811 /* Lesson11_OCHamcrest_Text.m */,
				186E4C191DA11C0B00472811 /* Lesson12_OCHamcrest_Container.m */,
				186E4C1A1DA11C0B00472811 /* Lesson13_OCHamcrest_Object.m */,
				186E4C1B1DA11C0B00472811 /* Lesson14_OCHamcrest_Logic.m */,
				186E4BF71DA11BA300472811 /* Info.plist */,
			);
			path = OCMockTutorial_Tests;
			sourceTree = "<group>";
		};
		849070C51E0FC561E15C14A0 /* Pods */ = {
			isa = PBXGroup;
			children = (
				C8FCC06CD9A1445610B2BB77 /* Pods-OCMockTutorial_Tests.debug.xcconfig */,
				48B9860745947A825F78415B /* Pods-OCMockTutorial_Tests.release.xcconfig */,
			);
			name = Pods;
			sourceTree = "<group>";
		};
		ABF8BAB97E26FAAD45FC382B /* Frameworks */ = {
			isa = PBXGroup;
			children = (
				F40D000A4A7C5532A6E42E06 /* Pods_OCMockTutorial_Tests.framework */,
			);
			name = Frameworks;
			sourceTree = "<group>";
		};
/* End PBXGroup section */

/* Begin PBXHeadersBuildPhase section */
		186E4BE11DA11B5400472811 /* Headers */ = {
			isa = PBXHeadersBuildPhase;
			buildActionMask = 2147483647;
			files = (
				186E4C0D1DA11BFC00472811 /* ListenerProtocol.h in Headers */,
				186E4C091DA11BFC00472811 /* Library.h in Headers */,
				186E4C081DA11BFC00472811 /* CustomClassProtocol.h in Headers */,
				186E4C0B1DA11BFC00472811 /* ListenerAdapter.h in Headers */,
				186E4C061DA11BFC00472811 /* CustomClass.h in Headers */,
			);
			runOnlyForDeploymentPostprocessing = 0;
		};
/* End PBXHeadersBuildPhase section */

/* Begin PBXNativeTarget section */
		186E4BE21DA11B5400472811 /* OCMockTutorial */ = {
			isa = PBXNativeTarget;
			buildConfigurationList = 186E4BEC1DA11B5400472811 /* Build configuration list for PBXNativeTarget "OCMockTutorial" */;
			buildPhases = (
				186E4BDF1DA11B5400472811 /* Sources */,
				186E4BE01DA11B5400472811 /* Frameworks */,
				186E4BE11DA11B5400472811 /* Headers */,
			);
			buildRules = (
			);
			dependencies = (
			);
			name = OCMockTutorial;
			productName = OCMockTutorial;
			productReference = 186E4BE31DA11B5400472811 /* libOCMockTutorial.dylib */;
			productType = "com.apple.product-type.library.dynamic";
		};
		186E4BF21DA11BA300472811 /* OCMockTutorial_Tests */ = {
			isa = PBXNativeTarget;
			buildConfigurationList = 186E4BFB1DA11BA300472811 /* Build configuration list for PBXNativeTarget "OCMockTutorial_Tests" */;
			buildPhases = (
				1640597D66D1056BFA257448 /* [CP] Check Pods Manifest.lock */,
				186E4BEF1DA11BA300472811 /* Sources */,
				186E4BF01DA11BA300472811 /* Frameworks */,
				186E4BF11DA11BA300472811 /* Resources */,
				D289087FC74071C36118F2B8 /* [CP] Embed Pods Frameworks */,
				57B6D25DB8ABDBF403E27819 /* [CP] Copy Pods Resources */,
			);
			buildRules = (
			);
			dependencies = (
				186E4BFA1DA11BA300472811 /* PBXTargetDependency */,
			);
			name = OCMockTutorial_Tests;
			productName = OCMockTutorial_Tests;
			productReference = 186E4BF31DA11BA300472811 /* OCMockTutorial_Tests.xctest */;
			productType = "com.apple.product-type.bundle.unit-test";
		};
/* End PBXNativeTarget section */

/* Begin PBXProject section */
		186E4BDB1DA11B5400472811 /* Project object */ = {
			isa = PBXProject;
			attributes = {
				LastUpgradeCheck = 0730;
				ORGANIZATIONNAME = "Marcin Serwach";
				TargetAttributes = {
					186E4BE21DA11B5400472811 = {
						CreatedOnToolsVersion = 7.3.1;
					};
					186E4BF21DA11BA300472811 = {
						CreatedOnToolsVersion = 7.3.1;
					};
				};
			};
			buildConfigurationList = 186E4BDE1DA11B5400472811 /* Build configuration list for PBXProject "OCMockTutorial" */;
			compatibilityVersion = "Xcode 3.2";
			developmentRegion = English;
			hasScannedForEncodings = 0;
			knownRegions = (
				en,
			);
			mainGroup = 186E4BDA1DA11B5400472811;
			productRefGroup = 186E4BE41DA11B5400472811 /* Products */;
			projectDirPath = "";
			projectRoot = "";
			targets = (
				186E4BE21DA11B5400472811 /* OCMockTutorial */,
				186E4BF21DA11BA300472811 /* OCMockTutorial_Tests */,
			);
		};
/* End PBXProject section */

/* Begin PBXResourcesBuildPhase section */
		186E4BF11DA11BA300472811 /* Resources */ = {
			isa = PBXResourcesBuildPhase;
			buildActionMask = 2147483647;
			files = (
			);
			runOnlyForDeploymentPostprocessing = 0;
		};
/* End PBXResourcesBuildPhase section */

/* Begin PBXShellScriptBuildPhase section */
		1640597D66D1056BFA257448 /* [CP] Check Pods Manifest.lock */ = {
			isa = PBXShellScriptBuildPhase;
			buildActionMask = 2147483647;
			files = (
			);
			inputPaths = (
			);
			name = "[CP] Check Pods Manifest.lock";
			outputPaths = (
			);
			runOnlyForDeploymentPostprocessing = 0;
			shellPath = /bin/sh;
			shellScript = "diff \"${PODS_ROOT}/../Podfile.lock\" \"${PODS_ROOT}/Manifest.lock\" > /dev/null\nif [ $? != 0 ] ; then\n    # print error to STDERR\n    echo \"error: The sandbox is not in sync with the Podfile.lock. Run 'pod install' or update your CocoaPods installation.\" >&2\n    exit 1\nfi\n";
			showEnvVarsInLog = 0;
		};
		57B6D25DB8ABDBF403E27819 /* [CP] Copy Pods Resources */ = {
			isa = PBXShellScriptBuildPhase;
			buildActionMask = 2147483647;
			files = (
			);
			inputPaths = (
			);
			name = "[CP] Copy Pods Resources";
			outputPaths = (
			);
			runOnlyForDeploymentPostprocessing = 0;
			shellPath = /bin/sh;
			shellScript = "\"${SRCROOT}/Pods/Target Support Files/Pods-OCMockTutorial_Tests/Pods-OCMockTutorial_Tests-resources.sh\"\n";
			showEnvVarsInLog = 0;
		};
		D289087FC74071C36118F2B8 /* [CP] Embed Pods Frameworks */ = {
			isa = PBXShellScriptBuildPhase;
			buildActionMask = 2147483647;
			files = (
			);
			inputPaths = (
			);
			name = "[CP] Embed Pods Frameworks";
			outputPaths = (
			);
			runOnlyForDeploymentPostprocessing = 0;
			shellPath = /bin/sh;
			shellScript = "\"${SRCROOT}/Pods/Target Support Files/Pods-OCMockTutorial_Tests/Pods-OCMockTutorial_Tests-frameworks.sh\"\n";
			showEnvVarsInLog = 0;
		};
/* End PBXShellScriptBuildPhase section */

/* Begin PBXSourcesBuildPhase section */
		186E4BDF1DA11B5400472811 /* Sources */ = {
			isa = PBXSourcesBuildPhase;
			buildActionMask = 2147483647;
			files = (
				186E4C0C1DA11BFC00472811 /* ListenerAdapter.m in Sources */,
				186E4C071DA11BFC00472811 /* CustomClass.m in Sources */,
				186E4C0A1DA11BFC00472811 /* Library.m in Sources */,
			);
			runOnlyForDeploymentPostprocessing = 0;
		};
		186E4BEF1DA11BA300472811 /* Sources */ = {
			isa = PBXSourcesBuildPhase;
			buildActionMask = 2147483647;
			files = (
				186E4C1F1DA11C0B00472811 /* Lesson4_Block.m in Sources */,
				186E4C1C1DA11C0B00472811 /* Lesson1_SimpleMatchers.m in Sources */,
				186E4C251DA11C0B00472811 /* Lesson10_OCHamcrest_Numbers.m in Sources */,
				186E4C1D1DA11C0B00472811 /* Lesson2_AdvancedMatcher.m in Sources */,
				186E4C211DA11C0B00472811 /* Lesson6_Other.m in Sources */,
				186E4C201DA11C0B00472811 /* Lesson5_Call.m in Sources */,
				186E4C291DA11C0B00472811 /* Lesson14_OCHamcrest_Logic.m in Sources */,
				186E4C221DA11C0B00472811 /* Lesson7_Partial.m in Sources */,
				186E4C281DA11C0B00472811 /* Lesson13_OCHamcrest_Object.m in Sources */,
				186E4C271DA11C0B00472811 /* Lesson12_OCHamcrest_Container.m in Sources */,
				186E4C1E1DA11C0B00472811 /* Lesson3_Return.m in Sources */,
				186E4C261DA11C0B00472811 /* Lesson11_OCHamcrest_Text.m in Sources */,
				186E4C231DA11C0B00472811 /* Lesson8_Strict.m in Sources */,
				186E4C241DA11C0B00472811 /* Lesson9_Verify.m in Sources */,
			);
			runOnlyForDeploymentPostprocessing = 0;
		};
/* End PBXSourcesBuildPhase section */

/* Begin PBXTargetDependency section */
		186E4BFA1DA11BA300472811 /* PBXTargetDependency */ = {
			isa = PBXTargetDependency;
			target = 186E4BE21DA11B5400472811 /* OCMockTutorial */;
			targetProxy = 186E4BF91DA11BA300472811 /* PBXContainerItemProxy */;
		};
/* End PBXTargetDependency section */

/* Begin XCBuildConfiguration section */
		186E4BEA1DA11B5400472811 /* Debug */ = {
			isa = XCBuildConfiguration;
			buildSettings = {
				ALWAYS_SEARCH_USER_PATHS = NO;
				CLANG_ANALYZER_NONNULL = YES;
				CLANG_CXX_LANGUAGE_STANDARD = "gnu++0x";
				CLANG_CXX_LIBRARY = "libc++";
				CLANG_ENABLE_MODULES = YES;
				CLANG_ENABLE_OBJC_ARC = YES;
				CLANG_WARN_BOOL_CONVERSION = YES;
				CLANG_WARN_CONSTANT_CONVERSION = YES;
				CLANG_WARN_DIRECT_OBJC_ISA_USAGE = YES_ERROR;
				CLANG_WARN_EMPTY_BODY = YES;
				CLANG_WARN_ENUM_CONVERSION = YES;
				CLANG_WARN_INT_CONVERSION = YES;
				CLANG_WARN_OBJC_ROOT_CLASS = YES_ERROR;
				CLANG_WARN_UNREACHABLE_CODE = YES;
				CLANG_WARN__DUPLICATE_METHOD_MATCH = YES;
				CODE_SIGN_IDENTITY = "-";
				COPY_PHASE_STRIP = NO;
				DEBUG_INFORMATION_FORMAT = dwarf;
				ENABLE_STRICT_OBJC_MSGSEND = YES;
				ENABLE_TESTABILITY = YES;
				GCC_C_LANGUAGE_STANDARD = gnu99;
				GCC_DYNAMIC_NO_PIC = NO;
				GCC_NO_COMMON_BLOCKS = YES;
				GCC_OPTIMIZATION_LEVEL = 0;
				GCC_PREPROCESSOR_DEFINITIONS = (
					"DEBUG=1",
					"$(inherited)",
				);
				GCC_WARN_64_TO_32_BIT_CONVERSION = YES;
				GCC_WARN_ABOUT_RETURN_TYPE = YES_ERROR;
				GCC_WARN_UNDECLARED_SELECTOR = YES;
				GCC_WARN_UNINITIALIZED_AUTOS = YES_AGGRESSIVE;
				GCC_WARN_UNUSED_FUNCTION = YES;
				GCC_WARN_UNUSED_VARIABLE = YES;
				MACOSX_DEPLOYMENT_TARGET = 10.11;
				MTL_ENABLE_DEBUG_INFO = YES;
				ONLY_ACTIVE_ARCH = YES;
				SDKROOT = macosx;
			};
			name = Debug;
		};
		186E4BEB1DA11B5400472811 /* Release */ = {
			isa = XCBuildConfiguration;
			buildSettings = {
				ALWAYS_SEARCH_USER_PATHS = NO;
				CLANG_ANALYZER_NONNULL = YES;
				CLANG_CXX_LANGUAGE_STANDARD = "gnu++0x";
				CLANG_CXX_LIBRARY = "libc++";
				CLANG_ENABLE_MODULES = YES;
				CLANG_ENABLE_OBJC_ARC = YES;
				CLANG_WARN_BOOL_CONVERSION = YES;
				CLANG_WARN_CONSTANT_CONVERSION = YES;
				CLANG_WARN_DIRECT_OBJC_ISA_USAGE = YES_ERROR;
				CLANG_WARN_EMPTY_BODY = YES;
				CLANG_WARN_ENUM_CONVERSION = YES;
				CLANG_WARN_INT_CONVERSION = YES;
				CLANG_WARN_OBJC_ROOT_CLASS = YES_ERROR;
				CLANG_WARN_UNREACHABLE_CODE = YES;
				CLANG_WARN__DUPLICATE_METHOD_MATCH = YES;
				CODE_SIGN_IDENTITY = "-";
				COPY_PHASE_STRIP = NO;
				DEBUG_INFORMATION_FORMAT = "dwarf-with-dsym";
				ENABLE_NS_ASSERTIONS = NO;
				ENABLE_STRICT_OBJC_MSGSEND = YES;
				GCC_C_LANGUAGE_STANDARD = gnu99;
				GCC_NO_COMMON_BLOCKS = YES;
				GCC_WARN_64_TO_32_BIT_CONVERSION = YES;
				GCC_WARN_ABOUT_RETURN_TYPE = YES_ERROR;
				GCC_WARN_UNDECLARED_SELECTOR = YES;
				GCC_WARN_UNINITIALIZED_AUTOS = YES_AGGRESSIVE;
				GCC_WARN_UNUSED_FUNCTION = YES;
				GCC_WARN_UNUSED_VARIABLE = YES;
				MACOSX_DEPLOYMENT_TARGET = 10.11;
				MTL_ENABLE_DEBUG_INFO = NO;
				SDKROOT = macosx;
			};
			name = Release;
		};
		186E4BED1DA11B5400472811 /* Debug */ = {
			isa = XCBuildConfiguration;
			buildSettings = {
				COMBINE_HIDPI_IMAGES = YES;
				DYLIB_COMPATIBILITY_VERSION = 1;
				DYLIB_CURRENT_VERSION = 1;
				EXECUTABLE_PREFIX = lib;
				PRODUCT_NAME = "$(TARGET_NAME)";
			};
			name = Debug;
		};
		186E4BEE1DA11B5400472811 /* Release */ = {
			isa = XCBuildConfiguration;
			buildSettings = {
				COMBINE_HIDPI_IMAGES = YES;
				DYLIB_COMPATIBILITY_VERSION = 1;
				DYLIB_CURRENT_VERSION = 1;
				EXECUTABLE_PREFIX = lib;
				PRODUCT_NAME = "$(TARGET_NAME)";
			};
			name = Release;
		};
		186E4BFC1DA11BA300472811 /* Debug */ = {
			isa = XCBuildConfiguration;
			baseConfigurationReference = C8FCC06CD9A1445610B2BB77 /* Pods-OCMockTutorial_Tests.debug.xcconfig */;
			buildSettings = {
				COMBINE_HIDPI_IMAGES = YES;
				INFOPLIST_FILE = OCMockTutorial_Tests/Info.plist;
				LD_RUNPATH_SEARCH_PATHS = "$(inherited) @executable_path/../Frameworks @loader_path/../Frameworks";
				PRODUCT_BUNDLE_IDENTIFIER = "iblis-ms.OCMockTutorial-Tests";
				PRODUCT_NAME = "$(TARGET_NAME)";
			};
			name = Debug;
		};
		186E4BFD1DA11BA300472811 /* Release */ = {
			isa = XCBuildConfiguration;
			baseConfigurationReference = 48B9860745947A825F78415B /* Pods-OCMockTutorial_Tests.release.xcconfig */;
			buildSettings = {
				COMBINE_HIDPI_IMAGES = YES;
				INFOPLIST_FILE = OCMockTutorial_Tests/Info.plist;
				LD_RUNPATH_SEARCH_PATHS = "$(inherited) @executable_path/../Frameworks @loader_path/../Frameworks";
				PRODUCT_BUNDLE_IDENTIFIER = "iblis-ms.OCMockTutorial-Tests";
				PRODUCT_NAME = "$(TARGET_NAME)";
			};
			name = Release;
		};
/* End XCBuildConfiguration section */

/* Begin XCConfigurationList section */
		186E4BDE1DA11B5400472811 /* Build configuration list for PBXProject "OCMockTutorial" */ = {
			isa = XCConfigurationList;
			buildConfigurations = (
				186E4BEA1DA11B5400472811 /* Debug */,
				186E4BEB1DA11B5400472811 /* Release */,
			);
			defaultConfigurationIsVisible = 0;
			defaultConfigurationName = Release;
		};
		186E4BEC1DA11B5400472811 /* Build configuration list for PBXNativeTarget "OCMockTutorial" */ = {
			isa = XCConfigurationList;
			buildConfigurations = (
				186E4BED1DA11B5400472811 /* Debug */,
				186E4BEE1DA11B5400472811 /* Release */,
			);
			defaultConfigurationIsVisible = 0;
			defaultConfigurationName = Release;
		};
		186E4BFB1DA11BA300472811 /* Build configuration list for PBXNativeTarget "OCMockTutorial_Tests" */ = {
			isa = XCConfigurationList;
			buildConfigurations = (
				186E4BFC1DA11BA300472811 /* Debug */,
				186E4BFD1DA11BA300472811 /* Release */,
			);
			defaultConfigurationIsVisible = 0;
			defaultConfigurationName = Release;
		};
/* End XCConfigurationList section */
	};
	rootObject = 186E4BDB1DA11B5400472811 /* Project object */;
}
